
Microsoft Visual Studio Solution File, Format Version 12.00
# Visual Studio Version 16
VisualStudioVersion = 16.0.30204.135
MinimumVisualStudioVersion = 10.0.40219.1
Project("{9A19103F-16F7-4668-BE54-9A1E7A4F7556}") = "2ndTask", "2ndTask\2ndTask.csproj", "{D9CC6D20-AA59-4F39-8E26-9D88393C2EEF}"
EndProject
Global
	GlobalSection(SolutionConfigurationPlatforms) = preSolution
		Debug|Any CPU = Debug|Any CPU
		Release|Any CPU = Release|Any CPU
	EndGlobalSection
	GlobalSection(ProjectConfigurationPlatforms) = postSolution
		{D9CC6D20-AA59-4F39-8E26-9D88393C2EEF}.Debug|Any CPU.ActiveCfg = Debug|Any CPU
		{D9CC6D20-AA59-4F39-8E26-9D88393C2EEF}.Debug|Any CPU.Build.0 = Debug|Any CPU
		{D9CC6D20-AA59-4F39-8E26-9D88393C2EEF}.Release|Any CPU.ActiveCfg = Release|Any CPU
		{D9CC6D20-AA59-4F39-8E26-9D88393C2EEF}.Release|Any CPU.Build.0 = Release|Any CPU
	EndGlobalSection
	GlobalSection(SolutionProperties) = preSolution
		HideSolutionNode = FALSE
	EndGlobalSection
	GlobalSection(ExtensibilityGlobals) = postSolution
		SolutionGuid = {641CCA00-4640-4B4E-A4AF-A9FBD7021BF9}
	EndGlobalSection
EndGlobal
